
Microsoft Visual Studio Solution File, Format Version 12.00
# Visual Studio Version 17
VisualStudioVersion = 17.5.33516.290
MinimumVisualStudioVersion = 10.0.40219.1
Project("{FAE04EC0-301F-11D3-BF4B-00C04F79EFBC}") = "P2_2020HM601_2020GA603", "P2_2020HM601_2020GA603\P2_2020HM601_2020GA603.csproj", "{4AB1FA93-80C4-486C-B0C6-7FE6DB32BAB4}"
EndProject
Global
	GlobalSection(SolutionConfigurationPlatforms) = preSolution
		Debug|Any CPU = Debug|Any CPU
		Release|Any CPU = Release|Any CPU
	EndGlobalSection
	GlobalSection(ProjectConfigurationPlatforms) = postSolution
		{4AB1FA93-80C4-486C-B0C6-7FE6DB32BAB4}.Debug|Any CPU.ActiveCfg = Debug|Any CPU
		{4AB1FA93-80C4-486C-B0C6-7FE6DB32BAB4}.Debug|Any CPU.Build.0 = Debug|Any CPU
		{4AB1FA93-80C4-486C-B0C6-7FE6DB32BAB4}.Release|Any CPU.ActiveCfg = Release|Any CPU
		{4AB1FA93-80C4-486C-B0C6-7FE6DB32BAB4}.Release|Any CPU.Build.0 = Release|Any CPU
	EndGlobalSection
	GlobalSection(SolutionProperties) = preSolution
		HideSolutionNode = FALSE
	EndGlobalSection
	GlobalSection(ExtensibilityGlobals) = postSolution
		SolutionGuid = {CF771EBC-7846-4C90-9802-283E056C7DF5}
	EndGlobalSection
EndGlobal
